
Microsoft Visual Studio Solution File, Format Version 12.00
# Visual Studio 15
VisualStudioVersion = 15.0.27428.2015
MinimumVisualStudioVersion = 10.0.40219.1
Project("{FAE04EC0-301F-11D3-BF4B-00C04F79EFBC}") = "NeoGovern.WebSite", "NeoGovern.WebSite\NeoGovern.WebSite.csproj", "{0C33D62F-A798-4A71-84D7-57CAA9436113}"
EndProject
Global
	GlobalSection(SolutionConfigurationPlatforms) = preSolution
		Debug|Any CPU = Debug|Any CPU
		Release|Any CPU = Release|Any CPU
	EndGlobalSection
	GlobalSection(ProjectConfigurationPlatforms) = postSolution
		{0C33D62F-A798-4A71-84D7-57CAA9436113}.Debug|Any CPU.ActiveCfg = Debug|Any CPU
		{0C33D62F-A798-4A71-84D7-57CAA9436113}.Debug|Any CPU.Build.0 = Debug|Any CPU
		{0C33D62F-A798-4A71-84D7-57CAA9436113}.Release|Any CPU.ActiveCfg = Release|Any CPU
		{0C33D62F-A798-4A71-84D7-57CAA9436113}.Release|Any CPU.Build.0 = Release|Any CPU
	EndGlobalSection
	GlobalSection(SolutionProperties) = preSolution
		HideSolutionNode = FALSE
	EndGlobalSection
	GlobalSection(ExtensibilityGlobals) = postSolution
		SolutionGuid = {786B21CC-1A2A-4ECC-9473-5B930CD003B1}
	EndGlobalSection
EndGlobal
